// !$*UTF8*$!
{
	archiveVersion = 1;
	classes = {
	};
	objectVersion = 50;
	objects = {

/* Begin PBXBuildFile section */
		C619AE58219F26FF00F08DA1 /* ArticalTests.swift in Sources */ = {isa = PBXBuildFile; fileRef = C619AE57219F26FF00F08DA1 /* ArticalTests.swift */; };
		C6856493219FF2A6001FDA72 /* ArticalsModel.swift in Sources */ = {isa = PBXBuildFile; fileRef = C698B4C4219DEC5C009E1814 /* ArticalsModel.swift */; };
		C6856494219FF2A6001FDA72 /* ArticalTableViewCell.swift in Sources */ = {isa = PBXBuildFile; fileRef = C698B4C0219DC97E009E1814 /* ArticalTableViewCell.swift */; };
		C6856495219FF2A6001FDA72 /* ViewController.swift in Sources */ = {isa = PBXBuildFile; fileRef = C698B491219DC3C7009E1814 /* ViewController.swift */; };
		C6856496219FF2A6001FDA72 /* AppDelegate.swift in Sources */ = {isa = PBXBuildFile; fileRef = C698B48F219DC3C7009E1814 /* AppDelegate.swift */; };
		C6856497219FF2A6001FDA72 /* Utilitys.swift in Sources */ = {isa = PBXBuildFile; fileRef = C6E14819219E7EB800218998 /* Utilitys.swift */; };
		C6856498219FF2A6001FDA72 /* DetailsViewController.swift in Sources */ = {isa = PBXBuildFile; fileRef = C698B4BE219DC8BF009E1814 /* DetailsViewController.swift */; };
		C685649B219FF2A6001FDA72 /* ArticalTableViewCell.xib in Resources */ = {isa = PBXBuildFile; fileRef = C698B4C1219DC97E009E1814 /* ArticalTableViewCell.xib */; };
		C685649C219FF2A6001FDA72 /* LaunchScreen.storyboard in Resources */ = {isa = PBXBuildFile; fileRef = C698B498219DC3CB009E1814 /* LaunchScreen.storyboard */; };
		C685649D219FF2A6001FDA72 /* Assets.xcassets in Resources */ = {isa = PBXBuildFile; fileRef = C698B496219DC3CB009E1814 /* Assets.xcassets */; };
		C685649E219FF2A6001FDA72 /* Main.storyboard in Resources */ = {isa = PBXBuildFile; fileRef = C698B493219DC3C7009E1814 /* Main.storyboard */; };
		C698B490219DC3C7009E1814 /* AppDelegate.swift in Sources */ = {isa = PBXBuildFile; fileRef = C698B48F219DC3C7009E1814 /* AppDelegate.swift */; };
		C698B492219DC3C7009E1814 /* ViewController.swift in Sources */ = {isa = PBXBuildFile; fileRef = C698B491219DC3C7009E1814 /* ViewController.swift */; };
		C698B495219DC3C7009E1814 /* Main.storyboard in Resources */ = {isa = PBXBuildFile; fileRef = C698B493219DC3C7009E1814 /* Main.storyboard */; };
		C698B497219DC3CB009E1814 /* Assets.xcassets in Resources */ = {isa = PBXBuildFile; fileRef = C698B496219DC3CB009E1814 /* Assets.xcassets */; };
		C698B49A219DC3CB009E1814 /* LaunchScreen.storyboard in Resources */ = {isa = PBXBuildFile; fileRef = C698B498219DC3CB009E1814 /* LaunchScreen.storyboard */; };
		C698B4A5219DC3CC009E1814 /* NYTimesTests.swift in Sources */ = {isa = PBXBuildFile; fileRef = C698B4A4219DC3CC009E1814 /* NYTimesTests.swift */; };
		C698B4B0219DC3CC009E1814 /* NYTimesUITests.swift in Sources */ = {isa = PBXBuildFile; fileRef = C698B4AF219DC3CC009E1814 /* NYTimesUITests.swift */; };
		C698B4BF219DC8BF009E1814 /* DetailsViewController.swift in Sources */ = {isa = PBXBuildFile; fileRef = C698B4BE219DC8BF009E1814 /* DetailsViewController.swift */; };
		C698B4C2219DC97E009E1814 /* ArticalTableViewCell.swift in Sources */ = {isa = PBXBuildFile; fileRef = C698B4C0219DC97E009E1814 /* ArticalTableViewCell.swift */; };
		C698B4C3219DC97E009E1814 /* ArticalTableViewCell.xib in Resources */ = {isa = PBXBuildFile; fileRef = C698B4C1219DC97E009E1814 /* ArticalTableViewCell.xib */; };
		C698B4C5219DEC5D009E1814 /* ArticalsModel.swift in Sources */ = {isa = PBXBuildFile; fileRef = C698B4C4219DEC5C009E1814 /* ArticalsModel.swift */; };
		C6E1481A219E7EB800218998 /* Utilitys.swift in Sources */ = {isa = PBXBuildFile; fileRef = C6E14819219E7EB800218998 /* Utilitys.swift */; };
/* End PBXBuildFile section */

/* Begin PBXContainerItemProxy section */
		C698B4A1219DC3CC009E1814 /* PBXContainerItemProxy */ = {
			isa = PBXContainerItemProxy;
			containerPortal = C698B484219DC3C7009E1814 /* Project object */;
			proxyType = 1;
			remoteGlobalIDString = C698B48B219DC3C7009E1814;
			remoteInfo = NYTimes;
		};
		C698B4AC219DC3CC009E1814 /* PBXContainerItemProxy */ = {
			isa = PBXContainerItemProxy;
			containerPortal = C698B484219DC3C7009E1814 /* Project object */;
			proxyType = 1;
			remoteGlobalIDString = C698B48B219DC3C7009E1814;
			remoteInfo = NYTimes;
		};
/* End PBXContainerItemProxy section */

/* Begin PBXFileReference section */
		C619AE57219F26FF00F08DA1 /* ArticalTests.swift */ = {isa = PBXFileReference; lastKnownFileType = sourcecode.swift; path = ArticalTests.swift; sourceTree = "<group>"; };
		C68564A2219FF2A6001FDA72 /* NYTimesLive.app */ = {isa = PBXFileReference; explicitFileType = wrapper.application; includeInIndex = 0; path = NYTimesLive.app; sourceTree = BUILT_PRODUCTS_DIR; };
		C68564A3219FF2A7001FDA72 /* NYTimes copy-Info.plist */ = {isa = PBXFileReference; lastKnownFileType = text.plist.xml; name = "NYTimes copy-Info.plist"; path = "/Users/compindiaAir/Documents/NYTimes/NYTimes copy-Info.plist"; sourceTree = "<absolute>"; };
		C698B48C219DC3C7009E1814 /* NYTimes.app */ = {isa = PBXFileReference; explicitFileType = wrapper.application; includeInIndex = 0; path = NYTimes.app; sourceTree = BUILT_PRODUCTS_DIR; };
		C698B48F219DC3C7009E1814 /* AppDelegate.swift */ = {isa = PBXFileReference; lastKnownFileType = sourcecode.swift; path = AppDelegate.swift; sourceTree = "<group>"; };
		C698B491219DC3C7009E1814 /* ViewController.swift */ = {isa = PBXFileReference; lastKnownFileType = sourcecode.swift; path = ViewController.swift; sourceTree = "<group>"; };
		C698B494219DC3C7009E1814 /* Base */ = {isa = PBXFileReference; lastKnownFileType = file.storyboard; name = Base; path = Base.lproj/Main.storyboard; sourceTree = "<group>"; };
		C698B496219DC3CB009E1814 /* Assets.xcassets */ = {isa = PBXFileReference; lastKnownFileType = folder.assetcatalog; path = Assets.xcassets; sourceTree = "<group>"; };
		C698B499219DC3CB009E1814 /* Base */ = {isa = PBXFileReference; lastKnownFileType = file.storyboard; name = Base; path = Base.lproj/LaunchScreen.storyboard; sourceTree = "<group>"; };
		C698B49B219DC3CB009E1814 /* Info.plist */ = {isa = PBXFileReference; lastKnownFileType = text.plist.xml; path = Info.plist; sourceTree = "<group>"; };
		C698B4A0219DC3CC009E1814 /* NYTimesTests.xctest */ = {isa = PBXFileReference; explicitFileType = wrapper.cfbundle; includeInIndex = 0; path = NYTimesTests.xctest; sourceTree = BUILT_PRODUCTS_DIR; };
		C698B4A4219DC3CC009E1814 /* NYTimesTests.swift */ = {isa = PBXFileReference; lastKnownFileType = sourcecode.swift; path = NYTimesTests.swift; sourceTree = "<group>"; };
		C698B4A6219DC3CC009E1814 /* Info.plist */ = {isa = PBXFileReference; lastKnownFileType = text.plist.xml; path = Info.plist; sourceTree = "<group>"; };
		C698B4AB219DC3CC009E1814 /* NYTimesUITests.xctest */ = {isa = PBXFileReference; explicitFileType = wrapper.cfbundle; includeInIndex = 0; path = NYTimesUITests.xctest; sourceTree = BUILT_PRODUCTS_DIR; };
		C698B4AF219DC3CC009E1814 /* NYTimesUITests.swift */ = {isa = PBXFileReference; lastKnownFileType = sourcecode.swift; path = NYTimesUITests.swift; sourceTree = "<group>"; };
		C698B4B1219DC3CC009E1814 /* Info.plist */ = {isa = PBXFileReference; lastKnownFileType = text.plist.xml; path = Info.plist; sourceTree = "<group>"; };
		C698B4BE219DC8BF009E1814 /* DetailsViewController.swift */ = {isa = PBXFileReference; lastKnownFileType = sourcecode.swift; path = DetailsViewController.swift; sourceTree = "<group>"; };
		C698B4C0219DC97E009E1814 /* ArticalTableViewCell.swift */ = {isa = PBXFileReference; lastKnownFileType = sourcecode.swift; path = ArticalTableViewCell.swift; sourceTree = "<group>"; };
		C698B4C1219DC97E009E1814 /* ArticalTableViewCell.xib */ = {isa = PBXFileReference; lastKnownFileType = file.xib; path = ArticalTableViewCell.xib; sourceTree = "<group>"; };
		C698B4C4219DEC5C009E1814 /* ArticalsModel.swift */ = {isa = PBXFileReference; lastKnownFileType = sourcecode.swift; path = ArticalsModel.swift; sourceTree = "<group>"; };
		C6E14819219E7EB800218998 /* Utilitys.swift */ = {isa = PBXFileReference; lastKnownFileType = sourcecode.swift; path = Utilitys.swift; sourceTree = "<group>"; };
/* End PBXFileReference section */

/* Begin PBXFrameworksBuildPhase section */
		C6856499219FF2A6001FDA72 /* Frameworks */ = {
			isa = PBXFrameworksBuildPhase;
			buildActionMask = 2147483647;
			files = (
			);
			runOnlyForDeploymentPostprocessing = 0;
		};
		C698B489219DC3C7009E1814 /* Frameworks */ = {
			isa = PBXFrameworksBuildPhase;
			buildActionMask = 2147483647;
			files = (
			);
			runOnlyForDeploymentPostprocessing = 0;
		};
		C698B49D219DC3CC009E1814 /* Frameworks */ = {
			isa = PBXFrameworksBuildPhase;
			buildActionMask = 2147483647;
			files = (
			);
			runOnlyForDeploymentPostprocessing = 0;
		};
		C698B4A8219DC3CC009E1814 /* Frameworks */ = {
			isa = PBXFrameworksBuildPhase;
			buildActionMask = 2147483647;
			files = (
			);
			runOnlyForDeploymentPostprocessing = 0;
		};
/* End PBXFrameworksBuildPhase section */

/* Begin PBXGroup section */
		C698B483219DC3C7009E1814 = {
			isa = PBXGroup;
			children = (
				C698B48E219DC3C7009E1814 /* NYTimes */,
				C698B4A3219DC3CC009E1814 /* NYTimesTests */,
				C698B4AE219DC3CC009E1814 /* NYTimesUITests */,
				C698B48D219DC3C7009E1814 /* Products */,
				C68564A3219FF2A7001FDA72 /* NYTimes copy-Info.plist */,
			);
			sourceTree = "<group>";
		};
		C698B48D219DC3C7009E1814 /* Products */ = {
			isa = PBXGroup;
			children = (
				C698B48C219DC3C7009E1814 /* NYTimes.app */,
				C698B4A0219DC3CC009E1814 /* NYTimesTests.xctest */,
				C698B4AB219DC3CC009E1814 /* NYTimesUITests.xctest */,
				C68564A2219FF2A6001FDA72 /* NYTimesLive.app */,
			);
			name = Products;
			sourceTree = "<group>";
		};
		C698B48E219DC3C7009E1814 /* NYTimes */ = {
			isa = PBXGroup;
			children = (
				C698B48F219DC3C7009E1814 /* AppDelegate.swift */,
				C6E14819219E7EB800218998 /* Utilitys.swift */,
				C6E14822219F041500218998 /* HomeView */,
				C698B4BD219DC85A009E1814 /* DetailsView */,
				C698B493219DC3C7009E1814 /* Main.storyboard */,
				C698B496219DC3CB009E1814 /* Assets.xcassets */,
				C698B498219DC3CB009E1814 /* LaunchScreen.storyboard */,
				C698B49B219DC3CB009E1814 /* Info.plist */,
			);
			path = NYTimes;
			sourceTree = "<group>";
		};
		C698B4A3219DC3CC009E1814 /* NYTimesTests */ = {
			isa = PBXGroup;
			children = (
				C698B4A4219DC3CC009E1814 /* NYTimesTests.swift */,
				C619AE57219F26FF00F08DA1 /* ArticalTests.swift */,
				C698B4A6219DC3CC009E1814 /* Info.plist */,
			);
			path = NYTimesTests;
			sourceTree = "<group>";
		};
		C698B4AE219DC3CC009E1814 /* NYTimesUITests */ = {
			isa = PBXGroup;
			children = (
				C698B4AF219DC3CC009E1814 /* NYTimesUITests.swift */,
				C698B4B1219DC3CC009E1814 /* Info.plist */,
			);
			path = NYTimesUITests;
			sourceTree = "<group>";
		};
		C698B4BD219DC85A009E1814 /* DetailsView */ = {
			isa = PBXGroup;
			children = (
				C698B4BE219DC8BF009E1814 /* DetailsViewController.swift */,
			);
			path = DetailsView;
			sourceTree = "<group>";
		};
		C6E14822219F041500218998 /* HomeView */ = {
			isa = PBXGroup;
			children = (
				C698B4C4219DEC5C009E1814 /* ArticalsModel.swift */,
				C698B491219DC3C7009E1814 /* ViewController.swift */,
				C6E14823219F046400218998 /* TableViewCell */,
			);
			path = HomeView;
			sourceTree = "<group>";
		};
		C6E14823219F046400218998 /* TableViewCell */ = {
			isa = PBXGroup;
			children = (
				C698B4C0219DC97E009E1814 /* ArticalTableViewCell.swift */,
				C698B4C1219DC97E009E1814 /* ArticalTableViewCell.xib */,
			);
			path = TableViewCell;
			sourceTree = "<group>";
		};
/* End PBXGroup section */

/* Begin PBXNativeTarget section */
		C6856491219FF2A6001FDA72 /* NYTimesLive */ = {
			isa = PBXNativeTarget;
			buildConfigurationList = C685649F219FF2A6001FDA72 /* Build configuration list for PBXNativeTarget "NYTimesLive" */;
			buildPhases = (
				C6856492219FF2A6001FDA72 /* Sources */,
				C6856499219FF2A6001FDA72 /* Frameworks */,
				C685649A219FF2A6001FDA72 /* Resources */,
			);
			buildRules = (
			);
			dependencies = (
			);
			name = NYTimesLive;
			productName = NYTimes;
			productReference = C68564A2219FF2A6001FDA72 /* NYTimesLive.app */;
			productType = "com.apple.product-type.application";
		};
		C698B48B219DC3C7009E1814 /* NYTimes */ = {
			isa = PBXNativeTarget;
			buildConfigurationList = C698B4B4219DC3CC009E1814 /* Build configuration list for PBXNativeTarget "NYTimes" */;
			buildPhases = (
				C698B488219DC3C7009E1814 /* Sources */,
				C698B489219DC3C7009E1814 /* Frameworks */,
				C698B48A219DC3C7009E1814 /* Resources */,
			);
			buildRules = (
			);
			dependencies = (
			);
			name = NYTimes;
			productName = NYTimes;
			productReference = C698B48C219DC3C7009E1814 /* NYTimes.app */;
			productType = "com.apple.product-type.application";
		};
		C698B49F219DC3CC009E1814 /* NYTimesTests */ = {
			isa = PBXNativeTarget;
			buildConfigurationList = C698B4B7219DC3CC009E1814 /* Build configuration list for PBXNativeTarget "NYTimesTests" */;
			buildPhases = (
				C698B49C219DC3CC009E1814 /* Sources */,
				C698B49D219DC3CC009E1814 /* Frameworks */,
				C698B49E219DC3CC009E1814 /* Resources */,
			);
			buildRules = (
			);
			dependencies = (
				C698B4A2219DC3CC009E1814 /* PBXTargetDependency */,
			);
			name = NYTimesTests;
			productName = NYTimesTests;
			productReference = C698B4A0219DC3CC009E1814 /* NYTimesTests.xctest */;
			productType = "com.apple.product-type.bundle.unit-test";
		};
		C698B4AA219DC3CC009E1814 /* NYTimesUITests */ = {
			isa = PBXNativeTarget;
			buildConfigurationList = C698B4BA219DC3CC009E1814 /* Build configuration list for PBXNativeTarget "NYTimesUITests" */;
			buildPhases = (
				C698B4A7219DC3CC009E1814 /* Sources */,
				C698B4A8219DC3CC009E1814 /* Frameworks */,
				C698B4A9219DC3CC009E1814 /* Resources */,
			);
			buildRules = (
			);
			dependencies = (
				C698B4AD219DC3CC009E1814 /* PBXTargetDependency */,
			);
			name = NYTimesUITests;
			productName = NYTimesUITests;
			productReference = C698B4AB219DC3CC009E1814 /* NYTimesUITests.xctest */;
			productType = "com.apple.product-type.bundle.ui-testing";
		};
/* End PBXNativeTarget section */

/* Begin PBXProject section */
		C698B484219DC3C7009E1814 /* Project object */ = {
			isa = PBXProject;
			attributes = {
				LastSwiftUpdateCheck = 1010;
				LastUpgradeCheck = 1010;
				ORGANIZATIONNAME = Damu;
				TargetAttributes = {
					C698B48B219DC3C7009E1814 = {
						CreatedOnToolsVersion = 10.1;
					};
					C698B49F219DC3CC009E1814 = {
						CreatedOnToolsVersion = 10.1;
						TestTargetID = C698B48B219DC3C7009E1814;
					};
					C698B4AA219DC3CC009E1814 = {
						CreatedOnToolsVersion = 10.1;
						TestTargetID = C698B48B219DC3C7009E1814;
					};
				};
			};
			buildConfigurationList = C698B487219DC3C7009E1814 /* Build configuration list for PBXProject "NYTimes" */;
			compatibilityVersion = "Xcode 9.3";
			developmentRegion = en;
			hasScannedForEncodings = 0;
			knownRegions = (
				en,
				Base,
			);
			mainGroup = C698B483219DC3C7009E1814;
			productRefGroup = C698B48D219DC3C7009E1814 /* Products */;
			projectDirPath = "";
			projectRoot = "";
			targets = (
				C698B48B219DC3C7009E1814 /* NYTimes */,
				C698B49F219DC3CC009E1814 /* NYTimesTests */,
				C698B4AA219DC3CC009E1814 /* NYTimesUITests */,
				C6856491219FF2A6001FDA72 /* NYTimesLive */,
			);
		};
/* End PBXProject section */

/* Begin PBXResourcesBuildPhase section */
		C685649A219FF2A6001FDA72 /* Resources */ = {
			isa = PBXResourcesBuildPhase;
			buildActionMask = 2147483647;
			files = (
				C685649B219FF2A6001FDA72 /* ArticalTableViewCell.xib in Resources */,
				C685649C219FF2A6001FDA72 /* LaunchScreen.storyboard in Resources */,
				C685649D219FF2A6001FDA72 /* Assets.xcassets in Resources */,
				C685649E219FF2A6001FDA72 /* Main.storyboard in Resources */,
			);
			runOnlyForDeploymentPostprocessing = 0;
		};
		C698B48A219DC3C7009E1814 /* Resources */ = {
			isa = PBXResourcesBuildPhase;
			buildActionMask = 2147483647;
			files = (
				C698B4C3219DC97E009E1814 /* ArticalTableViewCell.xib in Resources */,
				C698B49A219DC3CB009E1814 /* LaunchScreen.storyboard in Resources */,
				C698B497219DC3CB009E1814 /* Assets.xcassets in Resources */,
				C698B495219DC3C7009E1814 /* Main.storyboard in Resources */,
			);
			runOnlyForDeploymentPostprocessing = 0;
		};
		C698B49E219DC3CC009E1814 /* Resources */ = {
			isa = PBXResourcesBuildPhase;
			buildActionMask = 2147483647;
			files = (
			);
			runOnlyForDeploymentPostprocessing = 0;
		};
		C698B4A9219DC3CC009E1814 /* Resources */ = {
			isa = PBXResourcesBuildPhase;
			buildActionMask = 2147483647;
			files = (
			);
			runOnlyForDeploymentPostprocessing = 0;
		};
/* End PBXResourcesBuildPhase section */

/* Begin PBXSourcesBuildPhase section */
		C6856492219FF2A6001FDA72 /* Sources */ = {
			isa = PBXSourcesBuildPhase;
			buildActionMask = 2147483647;
			files = (
				C6856493219FF2A6001FDA72 /* ArticalsModel.swift in Sources */,
				C6856494219FF2A6001FDA72 /* ArticalTableViewCell.swift in Sources */,
				C6856495219FF2A6001FDA72 /* ViewController.swift in Sources */,
				C6856496219FF2A6001FDA72 /* AppDelegate.swift in Sources */,
				C6856497219FF2A6001FDA72 /* Utilitys.swift in Sources */,
				C6856498219FF2A6001FDA72 /* DetailsViewController.swift in Sources */,
			);
			runOnlyForDeploymentPostprocessing = 0;
		};
		C698B488219DC3C7009E1814 /* Sources */ = {
			isa = PBXSourcesBuildPhase;
			buildActionMask = 2147483647;
			files = (
				C698B4C5219DEC5D009E1814 /* ArticalsModel.swift in Sources */,
				C698B4C2219DC97E009E1814 /* ArticalTableViewCell.swift in Sources */,
				C698B492219DC3C7009E1814 /* ViewController.swift in Sources */,
				C698B490219DC3C7009E1814 /* AppDelegate.swift in Sources */,
				C6E1481A219E7EB800218998 /* Utilitys.swift in Sources */,
				C698B4BF219DC8BF009E1814 /* DetailsViewController.swift in Sources */,
			);
			runOnlyForDeploymentPostprocessing = 0;
		};
		C698B49C219DC3CC009E1814 /* Sources */ = {
			isa = PBXSourcesBuildPhase;
			buildActionMask = 2147483647;
			files = (
				C619AE58219F26FF00F08DA1 /* ArticalTests.swift in Sources */,
				C698B4A5219DC3CC009E1814 /* NYTimesTests.swift in Sources */,
			);
			runOnlyForDeploymentPostprocessing = 0;
		};
		C698B4A7219DC3CC009E1814 /* Sources */ = {
			isa = PBXSourcesBuildPhase;
			buildActionMask = 2147483647;
			files = (
				C698B4B0219DC3CC009E1814 /* NYTimesUITests.swift in Sources */,
			);
			runOnlyForDeploymentPostprocessing = 0;
		};
/* End PBXSourcesBuildPhase section */

/* Begin PBXTargetDependency section */
		C698B4A2219DC3CC009E1814 /* PBXTargetDependency */ = {
			isa = PBXTargetDependency;
			target = C698B48B219DC3C7009E1814 /* NYTimes */;
			targetProxy = C698B4A1219DC3CC009E1814 /* PBXContainerItemProxy */;
		};
		C698B4AD219DC3CC009E1814 /* PBXTargetDependency */ = {
			isa = PBXTargetDependency;
			target = C698B48B219DC3C7009E1814 /* NYTimes */;
			targetProxy = C698B4AC219DC3CC009E1814 /* PBXContainerItemProxy */;
		};
/* End PBXTargetDependency section */

/* Begin PBXVariantGroup section */
		C698B493219DC3C7009E1814 /* Main.storyboard */ = {
			isa = PBXVariantGroup;
			children = (
				C698B494219DC3C7009E1814 /* Base */,
			);
			name = Main.storyboard;
			sourceTree = "<group>";
		};
		C698B498219DC3CB009E1814 /* LaunchScreen.storyboard */ = {
			isa = PBXVariantGroup;
			children = (
				C698B499219DC3CB009E1814 /* Base */,
			);
			name = LaunchScreen.storyboard;
			sourceTree = "<group>";
		};
/* End PBXVariantGroup section */

/* Begin XCBuildConfiguration section */
		C68564A0219FF2A6001FDA72 /* Debug */ = {
			isa = XCBuildConfiguration;
			buildSettings = {
				ASSETCATALOG_COMPILER_APPICON_NAME = AppIcon;
				CODE_SIGN_STYLE = Manual;
				DEVELOPMENT_TEAM = "";
				INFOPLIST_FILE = "NYTimes copy-Info.plist";
				IPHONEOS_DEPLOYMENT_TARGET = 11.0;
				LD_RUNPATH_SEARCH_PATHS = (
					"$(inherited)",
					"@executable_path/Frameworks",
				);
				PRODUCT_BUNDLE_IDENTIFIER = com.demo.nytimes;
				PRODUCT_NAME = "$(TARGET_NAME)";
				PROVISIONING_PROFILE_SPECIFIER = "";
				SWIFT_VERSION = 4.2;
				TARGETED_DEVICE_FAMILY = "1,2";
			};
			name = Debug;
		};
		C68564A1219FF2A6001FDA72 /* Release */ = {
			isa = XCBuildConfiguration;
			buildSettings = {
				ASSETCATALOG_COMPILER_APPICON_NAME = AppIcon;
				CODE_SIGN_STYLE = Manual;
				DEVELOPMENT_TEAM = "";
				INFOPLIST_FILE = "NYTimes copy-Info.plist";
				IPHONEOS_DEPLOYMENT_TARGET = 11.0;
				LD_RUNPATH_SEARCH_PATHS = (
					"$(inherited)",
					"@executable_path/Frameworks",
				);
				PRODUCT_BUNDLE_IDENTIFIER = com.demo.nytimes;
				PRODUCT_NAME = "$(TARGET_NAME)";
				PROVISIONING_PROFILE_SPECIFIER = "";
				SWIFT_VERSION = 4.2;
				TARGETED_DEVICE_FAMILY = "1,2";
			};
			name = Release;
		};
		C698B4B2219DC3CC009E1814 /* Debug */ = {
			isa = XCBuildConfiguration;
			buildSettings = {
				ALWAYS_SEARCH_USER_PATHS = NO;
				CLANG_ANALYZER_NONNULL = YES;
				CLANG_ANALYZER_NUMBER_OBJECT_CONVERSION = YES_AGGRESSIVE;
				CLANG_CXX_LANGUAGE_STANDARD = "gnu++14";
				CLANG_CXX_LIBRARY = "libc++";
				CLANG_ENABLE_MODULES = YES;
				CLANG_ENABLE_OBJC_ARC = YES;
				CLANG_ENABLE_OBJC_WEAK = YES;
				CLANG_WARN_BLOCK_CAPTURE_AUTORELEASING = YES;
				CLANG_WARN_BOOL_CONVERSION = YES;
				CLANG_WARN_COMMA = YES;
				CLANG_WARN_CONSTANT_CONVERSION = YES;
				CLANG_WARN_DEPRECATED_OBJC_IMPLEMENTATIONS = YES;
				CLANG_WARN_DIRECT_OBJC_ISA_USAGE = YES_ERROR;
				CLANG_WARN_DOCUMENTATION_COMMENTS = YES;
				CLANG_WARN_EMPTY_BODY = YES;
				CLANG_WARN_ENUM_CONVERSION = YES;
				CLANG_WARN_INFINITE_RECURSION = YES;
				CLANG_WARN_INT_CONVERSION = YES;
				CLANG_WARN_NON_LITERAL_NULL_CONVERSION = YES;
				CLANG_WARN_OBJC_IMPLICIT_RETAIN_SELF = YES;
				CLANG_WARN_OBJC_LITERAL_CONVERSION = YES;
				CLANG_WARN_OBJC_ROOT_CLASS = YES_ERROR;
				CLANG_WARN_RANGE_LOOP_ANALYSIS = YES;
				CLANG_WARN_STRICT_PROTOTYPES = YES;
				CLANG_WARN_SUSPICIOUS_MOVE = YES;
				CLANG_WARN_UNGUARDED_AVAILABILITY = YES_AGGRESSIVE;
				CLANG_WARN_UNREACHABLE_CODE = YES;
				CLANG_WARN__DUPLICATE_METHOD_MATCH = YES;
				CODE_SIGN_IDENTITY = "iPhone Developer";
				COPY_PHASE_STRIP = NO;
				DEBUG_INFORMATION_FORMAT = dwarf;
				ENABLE_STRICT_OBJC_MSGSEND = YES;
				ENABLE_TESTABILITY = YES;
				GCC_C_LANGUAGE_STANDARD = gnu11;
				GCC_DYNAMIC_NO_PIC = NO;
				GCC_NO_COMMON_BLOCKS = YES;
				GCC_OPTIMIZATION_LEVEL = 0;
				GCC_PREPROCESSOR_DEFINITIONS = (
					"DEBUG=1",
					"$(inherited)",
				);
				GCC_WARN_64_TO_32_BIT_CONVERSION = YES;
				GCC_WARN_ABOUT_RETURN_TYPE = YES_ERROR;
				GCC_WARN_UNDECLARED_SELECTOR = YES;
				GCC_WARN_UNINITIALIZED_AUTOS = YES_AGGRESSIVE;
				GCC_WARN_UNUSED_FUNCTION = YES;
				GCC_WARN_UNUSED_VARIABLE = YES;
				IPHONEOS_DEPLOYMENT_TARGET = 12.1;
				MTL_ENABLE_DEBUG_INFO = INCLUDE_SOURCE;
				MTL_FAST_MATH = YES;
				ONLY_ACTIVE_ARCH = YES;
				SDKROOT = iphoneos;
				SWIFT_ACTIVE_COMPILATION_CONDITIONS = DEBUG;
				SWIFT_OPTIMIZATION_LEVEL = "-Onone";
			};
			name = Debug;
		};
		C698B4B3219DC3CC009E1814 /* Release */ = {
			isa = XCBuildConfiguration;
			buildSettings = {
				ALWAYS_SEARCH_USER_PATHS = NO;
				CLANG_ANALYZER_NONNULL = YES;
				CLANG_ANALYZER_NUMBER_OBJECT_CONVERSION = YES_AGGRESSIVE;
				CLANG_CXX_LANGUAGE_STANDARD = "gnu++14";
				CLANG_CXX_LIBRARY = "libc++";
				CLANG_ENABLE_MODULES = YES;
				CLANG_ENABLE_OBJC_ARC = YES;
				CLANG_ENABLE_OBJC_WEAK = YES;
				CLANG_WARN_BLOCK_CAPTURE_AUTORELEASING = YES;
				CLANG_WARN_BOOL_CONVERSION = YES;
				CLANG_WARN_COMMA = YES;
				CLANG_WARN_CONSTANT_CONVERSION = YES;
				CLANG_WARN_DEPRECATED_OBJC_IMPLEMENTATIONS = YES;
				CLANG_WARN_DIRECT_OBJC_ISA_USAGE = YES_ERROR;
				CLANG_WARN_DOCUMENTATION_COMMENTS = YES;
				CLANG_WARN_EMPTY_BODY = YES;
				CLANG_WARN_ENUM_CONVERSION = YES;
				CLANG_WARN_INFINITE_RECURSION = YES;
				CLANG_WARN_INT_CONVERSION = YES;
				CLANG_WARN_NON_LITERAL_NULL_CONVERSION = YES;
				CLANG_WARN_OBJC_IMPLICIT_RETAIN_SELF = YES;
				CLANG_WARN_OBJC_LITERAL_CONVERSION = YES;
				CLANG_WARN_OBJC_ROOT_CLASS = YES_ERROR;
				CLANG_WARN_RANGE_LOOP_ANALYSIS = YES;
				CLANG_WARN_STRICT_PROTOTYPES = YES;
				CLANG_WARN_SUSPICIOUS_MOVE = YES;
				CLANG_WARN_UNGUARDED_AVAILABILITY = YES_AGGRESSIVE;
				CLANG_WARN_UNREACHABLE_CODE = YES;
				CLANG_WARN__DUPLICATE_METHOD_MATCH = YES;
				CODE_SIGN_IDENTITY = "iPhone Developer";
				COPY_PHASE_STRIP = NO;
				DEBUG_INFORMATION_FORMAT = "dwarf-with-dsym";
				ENABLE_NS_ASSERTIONS = NO;
				ENABLE_STRICT_OBJC_MSGSEND = YES;
				GCC_C_LANGUAGE_STANDARD = gnu11;
				GCC_NO_COMMON_BLOCKS = YES;
				GCC_WARN_64_TO_32_BIT_CONVERSION = YES;
				GCC_WARN_ABOUT_RETURN_TYPE = YES_ERROR;
				GCC_WARN_UNDECLARED_SELECTOR = YES;
				GCC_WARN_UNINITIALIZED_AUTOS = YES_AGGRESSIVE;
				GCC_WARN_UNUSED_FUNCTION = YES;
				GCC_WARN_UNUSED_VARIABLE = YES;
				IPHONEOS_DEPLOYMENT_TARGET = 12.1;
				MTL_ENABLE_DEBUG_INFO = NO;
				MTL_FAST_MATH = YES;
				SDKROOT = iphoneos;
				SWIFT_COMPILATION_MODE = wholemodule;
				SWIFT_OPTIMIZATION_LEVEL = "-O";
				VALIDATE_PRODUCT = YES;
			};
			name = Release;
		};
		C698B4B5219DC3CC009E1814 /* Debug */ = {
			isa = XCBuildConfiguration;
			buildSettings = {
				ASSETCATALOG_COMPILER_APPICON_NAME = AppIcon;
				CODE_SIGN_STYLE = Manual;
				DEVELOPMENT_TEAM = "";
				INFOPLIST_FILE = NYTimes/Info.plist;
				IPHONEOS_DEPLOYMENT_TARGET = 11.0;
				LD_RUNPATH_SEARCH_PATHS = (
					"$(inherited)",
					"@executable_path/Frameworks",
				);
				PRODUCT_BUNDLE_IDENTIFIER = com.demo.nytimes;
				PRODUCT_NAME = "$(TARGET_NAME)";
				PROVISIONING_PROFILE_SPECIFIER = "";
				SWIFT_VERSION = 4.2;
				TARGETED_DEVICE_FAMILY = "1,2";
			};
			name = Debug;
		};
		C698B4B6219DC3CC009E1814 /* Release */ = {
			isa = XCBuildConfiguration;
			buildSettings = {
				ASSETCATALOG_COMPILER_APPICON_NAME = AppIcon;
				CODE_SIGN_STYLE = Manual;
				DEVELOPMENT_TEAM = "";
				INFOPLIST_FILE = NYTimes/Info.plist;
				IPHONEOS_DEPLOYMENT_TARGET = 11.0;
				LD_RUNPATH_SEARCH_PATHS = (
					"$(inherited)",
					"@executable_path/Frameworks",
				);
				PRODUCT_BUNDLE_IDENTIFIER = com.demo.nytimes;
				PRODUCT_NAME = "$(TARGET_NAME)";
				PROVISIONING_PROFILE_SPECIFIER = "";
				SWIFT_VERSION = 4.2;
				TARGETED_DEVICE_FAMILY = "1,2";
			};
			name = Release;
		};
		C698B4B8219DC3CC009E1814 /* Debug */ = {
			isa = XCBuildConfiguration;
			buildSettings = {
				ALWAYS_EMBED_SWIFT_STANDARD_LIBRARIES = YES;
				BUNDLE_LOADER = "$(TEST_HOST)";
				CODE_SIGN_STYLE = Automatic;
				INFOPLIST_FILE = NYTimesTests/Info.plist;
				LD_RUNPATH_SEARCH_PATHS = (
					"$(inherited)",
					"@executable_path/Frameworks",
					"@loader_path/Frameworks",
				);
				PRODUCT_BUNDLE_IDENTIFIER = com.byji.NYTimesTests;
				PRODUCT_NAME = "$(TARGET_NAME)";
				SWIFT_VERSION = 4.2;
				TARGETED_DEVICE_FAMILY = "1,2";
				TEST_HOST = "$(BUILT_PRODUCTS_DIR)/NYTimes.app/NYTimes";
			};
			name = Debug;
		};
		C698B4B9219DC3CC009E1814 /* Release */ = {
			isa = XCBuildConfiguration;
			buildSettings = {
				ALWAYS_EMBED_SWIFT_STANDARD_LIBRARIES = YES;
				BUNDLE_LOADER = "$(TEST_HOST)";
				CODE_SIGN_STYLE = Automatic;
				INFOPLIST_FILE = NYTimesTests/Info.plist;
				LD_RUNPATH_SEARCH_PATHS = (
					"$(inherited)",
					"@executable_path/Frameworks",
					"@loader_path/Frameworks",
				);
				PRODUCT_BUNDLE_IDENTIFIER = com.byji.NYTimesTests;
				PRODUCT_NAME = "$(TARGET_NAME)";
				SWIFT_VERSION = 4.2;
				TARGETED_DEVICE_FAMILY = "1,2";
				TEST_HOST = "$(BUILT_PRODUCTS_DIR)/NYTimes.app/NYTimes";
			};
			name = Release;
		};
		C698B4BB219DC3CC009E1814 /* Debug */ = {
			isa = XCBuildConfiguration;
			buildSettings = {
				ALWAYS_EMBED_SWIFT_STANDARD_LIBRARIES = YES;
				CODE_SIGN_STYLE = Automatic;
				INFOPLIST_FILE = NYTimesUITests/Info.plist;
				LD_RUNPATH_SEARCH_PATHS = (
					"$(inherited)",
					"@executable_path/Frameworks",
					"@loader_path/Frameworks",
				);
				PRODUCT_BUNDLE_IDENTIFIER = com.byji.NYTimesUITests;
				PRODUCT_NAME = "$(TARGET_NAME)";
				SWIFT_VERSION = 4.2;
				TARGETED_DEVICE_FAMILY = "1,2";
				TEST_TARGET_NAME = NYTimes;
			};
			name = Debug;
		};
		C698B4BC219DC3CC009E1814 /* Release */ = {
			isa = XCBuildConfiguration;
			buildSettings = {
				ALWAYS_EMBED_SWIFT_STANDARD_LIBRARIES = YES;
				CODE_SIGN_STYLE = Automatic;
				INFOPLIST_FILE = NYTimesUITests/Info.plist;
				LD_RUNPATH_SEARCH_PATHS = (
					"$(inherited)",
					"@executable_path/Frameworks",
					"@loader_path/Frameworks",
				);
				PRODUCT_BUNDLE_IDENTIFIER = com.byji.NYTimesUITests;
				PRODUCT_NAME = "$(TARGET_NAME)";
				SWIFT_VERSION = 4.2;
				TARGETED_DEVICE_FAMILY = "1,2";
				TEST_TARGET_NAME = NYTimes;
			};
			name = Release;
		};
/* End XCBuildConfiguration section */

/* Begin XCConfigurationList section */
		C685649F219FF2A6001FDA72 /* Build configuration list for PBXNativeTarget "NYTimesLive" */ = {
			isa = XCConfigurationList;
			buildConfigurations = (
				C68564A0219FF2A6001FDA72 /* Debug */,
				C68564A1219FF2A6001FDA72 /* Release */,
			);
			defaultConfigurationIsVisible = 0;
			defaultConfigurationName = Release;
		};
		C698B487219DC3C7009E1814 /* Build configuration list for PBXProject "NYTimes" */ = {
			isa = XCConfigurationList;
			buildConfigurations = (
				C698B4B2219DC3CC009E1814 /* Debug */,
				C698B4B3219DC3CC009E1814 /* Release */,
			);
			defaultConfigurationIsVisible = 0;
			defaultConfigurationName = Release;
		};
		C698B4B4219DC3CC009E1814 /* Build configuration list for PBXNativeTarget "NYTimes" */ = {
			isa = XCConfigurationList;
			buildConfigurations = (
				C698B4B5219DC3CC009E1814 /* Debug */,
				C698B4B6219DC3CC009E1814 /* Release */,
			);
			defaultConfigurationIsVisible = 0;
			defaultConfigurationName = Release;
		};
		C698B4B7219DC3CC009E1814 /* Build configuration list for PBXNativeTarget "NYTimesTests" */ = {
			isa = XCConfigurationList;
			buildConfigurations = (
				C698B4B8219DC3CC009E1814 /* Debug */,
				C698B4B9219DC3CC009E1814 /* Release */,
			);
			defaultConfigurationIsVisible = 0;
			defaultConfigurationName = Release;
		};
		C698B4BA219DC3CC009E1814 /* Build configuration list for PBXNativeTarget "NYTimesUITests" */ = {
			isa = XCConfigurationList;
			buildConfigurations = (
				C698B4BB219DC3CC009E1814 /* Debug */,
				C698B4BC219DC3CC009E1814 /* Release */,
			);
			defaultConfigurationIsVisible = 0;
			defaultConfigurationName = Release;
		};
/* End XCConfigurationList section */
	};
	rootObject = C698B484219DC3C7009E1814 /* Project object */;
}
